// !$*UTF8*$!
{
	archiveVersion = 1;
	classes = {
	};
	objectVersion = 46;
	objects = {

/* Begin PBXBuildFile section */
		A54DC29C1E48F0A8009CFCE7 /* AppDelegate.swift in Sources */ = {isa = PBXBuildFile; fileRef = A54DC29B1E48F0A8009CFCE7 /* AppDelegate.swift */; };
		A54DC29E1E48F0A8009CFCE7 /* ViewController.swift in Sources */ = {isa = PBXBuildFile; fileRef = A54DC29D1E48F0A8009CFCE7 /* ViewController.swift */; };
		A54DC2A11E48F0A8009CFCE7 /* Main.storyboard in Resources */ = {isa = PBXBuildFile; fileRef = A54DC29F1E48F0A8009CFCE7 /* Main.storyboard */; };
		A54DC2A31E48F0A8009CFCE7 /* Assets.xcassets in Resources */ = {isa = PBXBuildFile; fileRef = A54DC2A21E48F0A8009CFCE7 /* Assets.xcassets */; };
		A54DC2A61E48F0A8009CFCE7 /* LaunchScreen.storyboard in Resources */ = {isa = PBXBuildFile; fileRef = A54DC2A41E48F0A8009CFCE7 /* LaunchScreen.storyboard */; };
		A54DC2B01E48F15D009CFCE7 /* DisplayView.swift in Sources */ = {isa = PBXBuildFile; fileRef = A54DC2AF1E48F15D009CFCE7 /* DisplayView.swift */; };
		A54DC2B21E4992B1009CFCE7 /* Pet.swift in Sources */ = {isa = PBXBuildFile; fileRef = A54DC2B11E4992B1009CFCE7 /* Pet.swift */; };
/* End PBXBuildFile section */

/* Begin PBXFileReference section */
		A54DC2981E48F0A8009CFCE7 /* CoreySalzer-Lab2.app */ = {isa = PBXFileReference; explicitFileType = wrapper.application; includeInIndex = 0; path = "CoreySalzer-Lab2.app"; sourceTree = BUILT_PRODUCTS_DIR; };
		A54DC29B1E48F0A8009CFCE7 /* AppDelegate.swift */ = {isa = PBXFileReference; lastKnownFileType = sourcecode.swift; path = AppDelegate.swift; sourceTree = "<group>"; };
		A54DC29D1E48F0A8009CFCE7 /* ViewController.swift */ = {isa = PBXFileReference; lastKnownFileType = sourcecode.swift; path = ViewController.swift; sourceTree = "<group>"; };
		A54DC2A01E48F0A8009CFCE7 /* Base */ = {isa = PBXFileReference; lastKnownFileType = file.storyboard; name = Base; path = Base.lproj/Main.storyboard; sourceTree = "<group>"; };
		A54DC2A21E48F0A8009CFCE7 /* Assets.xcassets */ = {isa = PBXFileReference; lastKnownFileType = folder.assetcatalog; path = Assets.xcassets; sourceTree = "<group>"; };
		A54DC2A51E48F0A8009CFCE7 /* Base */ = {isa = PBXFileReference; lastKnownFileType = file.storyboard; name = Base; path = Base.lproj/LaunchScreen.storyboard; sourceTree = "<group>"; };
		A54DC2A71E48F0A8009CFCE7 /* Info.plist */ = {isa = PBXFileReference; lastKnownFileType = text.plist.xml; path = Info.plist; sourceTree = "<group>"; };
		A54DC2AF1E48F15D009CFCE7 /* DisplayView.swift */ = {isa = PBXFileReference; fileEncoding = 4; lastKnownFileType = sourcecode.swift; path = DisplayView.swift; sourceTree = "<group>"; };
		A54DC2B11E4992B1009CFCE7 /* Pet.swift */ = {isa = PBXFileReference; fileEncoding = 4; lastKnownFileType = sourcecode.swift; path = Pet.swift; sourceTree = "<group>"; };
/* End PBXFileReference section */

/* Begin PBXFrameworksBuildPhase section */
		A54DC2951E48F0A8009CFCE7 /* Frameworks */ = {
			isa = PBXFrameworksBuildPhase;
			buildActionMask = 2147483647;
			files = (
			);
			runOnlyForDeploymentPostprocessing = 0;
		};
/* End PBXFrameworksBuildPhase section */

/* Begin PBXGroup section */
		A54DC28F1E48F0A8009CFCE7 = {
			isa = PBXGroup;
			children = (
				A54DC29A1E48F0A8009CFCE7 /* CoreySalzer-Lab2 */,
				A54DC2991E48F0A8009CFCE7 /* Products */,
			);
			sourceTree = "<group>";
		};
		A54DC2991E48F0A8009CFCE7 /* Products */ = {
			isa = PBXGroup;
			children = (
				A54DC2981E48F0A8009CFCE7 /* CoreySalzer-Lab2.app */,
			);
			name = Products;
			sourceTree = "<group>";
		};
		A54DC29A1E48F0A8009CFCE7 /* CoreySalzer-Lab2 */ = {
			isa = PBXGroup;
			children = (
				A54DC29B1E48F0A8009CFCE7 /* AppDelegate.swift */,
				A54DC29D1E48F0A8009CFCE7 /* ViewController.swift */,
				A54DC29F1E48F0A8009CFCE7 /* Main.storyboard */,
				A54DC2A21E48F0A8009CFCE7 /* Assets.xcassets */,
				A54DC2A41E48F0A8009CFCE7 /* LaunchScreen.storyboard */,
				A54DC2A71E48F0A8009CFCE7 /* Info.plist */,
				A54DC2AF1E48F15D009CFCE7 /* DisplayView.swift */,
				A54DC2B11E4992B1009CFCE7 /* Pet.swift */,
			);
			path = "CoreySalzer-Lab2";
			sourceTree = "<group>";
		};
/* End PBXGroup section */

/* Begin PBXNativeTarget section */
		A54DC2971E48F0A8009CFCE7 /* CoreySalzer-Lab2 */ = {
			isa = PBXNativeTarget;
			buildConfigurationList = A54DC2AA1E48F0A8009CFCE7 /* Build configuration list for PBXNativeTarget "CoreySalzer-Lab2" */;
			buildPhases = (
				A54DC2941E48F0A8009CFCE7 /* Sources */,
				A54DC2951E48F0A8009CFCE7 /* Frameworks */,
				A54DC2961E48F0A8009CFCE7 /* Resources */,
			);
			buildRules = (
			);
			dependencies = (
			);
			name = "CoreySalzer-Lab2";
			productName = "CoreySalzer-Lab2";
			productReference = A54DC2981E48F0A8009CFCE7 /* CoreySalzer-Lab2.app */;
			productType = "com.apple.product-type.application";
		};
/* End PBXNativeTarget section */

/* Begin PBXProject section */
		A54DC2901E48F0A8009CFCE7 /* Project object */ = {
			isa = PBXProject;
			attributes = {
				LastSwiftUpdateCheck = 0820;
				LastUpgradeCheck = 0820;
				ORGANIZATIONNAME = "Corey Salzer";
				TargetAttributes = {
					A54DC2971E48F0A8009CFCE7 = {
						CreatedOnToolsVersion = 8.2.1;
						ProvisioningStyle = Automatic;
					};
				};
			};
			buildConfigurationList = A54DC2931E48F0A8009CFCE7 /* Build configuration list for PBXProject "CoreySalzer-Lab2" */;
			compatibilityVersion = "Xcode 3.2";
			developmentRegion = English;
			hasScannedForEncodings = 0;
			knownRegions = (
				en,
				Base,
			);
			mainGroup = A54DC28F1E48F0A8009CFCE7;
			productRefGroup = A54DC2991E48F0A8009CFCE7 /* Products */;
			projectDirPath = "";
			projectRoot = "";
			targets = (
				A54DC2971E48F0A8009CFCE7 /* CoreySalzer-Lab2 */,
			);
		};
/* End PBXProject section */

/* Begin PBXResourcesBuildPhase section */
		A54DC2961E48F0A8009CFCE7 /* Resources */ = {
			isa = PBXResourcesBuildPhase;
			buildActionMask = 2147483647;
			files = (
				A54DC2A61E48F0A8009CFCE7 /* LaunchScreen.storyboard in Resources */,
				A54DC2A31E48F0A8009CFCE7 /* Assets.xcassets in Resources */,
				A54DC2A11E48F0A8009CFCE7 /* Main.storyboard in Resources */,
			);
			runOnlyForDeploymentPostprocessing = 0;
		};
/* End PBXResourcesBuildPhase section */

/* Begin PBXSourcesBuildPhase section */
		A54DC2941E48F0A8009CFCE7 /* Sources */ = {
			isa = PBXSourcesBuildPhase;
			buildActionMask = 2147483647;
			files = (
				A54DC2B01E48F15D009CFCE7 /* DisplayView.swift in Sources */,
				A54DC2B21E4992B1009CFCE7 /* Pet.swift in Sources */,
				A54DC29E1E48F0A8009CFCE7 /* ViewController.swift in Sources */,
				A54DC29C1E48F0A8009CFCE7 /* AppDelegate.swift in Sources */,
			);
			runOnlyForDeploymentPostprocessing = 0;
		};
/* End PBXSourcesBuildPhase section */

/* Begin PBXVariantGroup section */
		A54DC29F1E48F0A8009CFCE7 /* Main.storyboard */ = {
			isa = PBXVariantGroup;
			children = (
				A54DC2A01E48F0A8009CFCE7 /* Base */,
			);
			name = Main.storyboard;
			sourceTree = "<group>";
		};
		A54DC2A41E48F0A8009CFCE7 /* LaunchScreen.storyboard */ = {
			isa = PBXVariantGroup;
			children = (
				A54DC2A51E48F0A8009CFCE7 /* Base */,
			);
			name = LaunchScreen.storyboard;
			sourceTree = "<group>";
		};
/* End PBXVariantGroup section */

/* Begin XCBuildConfiguration section */
		A54DC2A81E48F0A8009CFCE7 /* Debug */ = {
			isa = XCBuildConfiguration;
			buildSettings = {
				ALWAYS_SEARCH_USER_PATHS = NO;
				CLANG_ANALYZER_NONNULL = YES;
				CLANG_CXX_LANGUAGE_STANDARD = "gnu++0x";
				CLANG_CXX_LIBRARY = "libc++";
				CLANG_ENABLE_MODULES = YES;
				CLANG_ENABLE_OBJC_ARC = YES;
				CLANG_WARN_BOOL_CONVERSION = YES;
				CLANG_WARN_CONSTANT_CONVERSION = YES;
				CLANG_WARN_DIRECT_OBJC_ISA_USAGE = YES_ERROR;
				CLANG_WARN_DOCUMENTATION_COMMENTS = YES;
				CLANG_WARN_EMPTY_BODY = YES;
				CLANG_WARN_ENUM_CONVERSION = YES;
				CLANG_WARN_INFINITE_RECURSION = YES;
				CLANG_WARN_INT_CONVERSION = YES;
				CLANG_WARN_OBJC_ROOT_CLASS = YES_ERROR;
				CLANG_WARN_SUSPICIOUS_MOVE = YES;
				CLANG_WARN_UNREACHABLE_CODE = YES;
				CLANG_WARN__DUPLICATE_METHOD_MATCH = YES;
				"CODE_SIGN_IDENTITY[sdk=iphoneos*]" = "iPhone Developer";
				COPY_PHASE_STRIP = NO;
				DEBUG_INFORMATION_FORMAT = dwarf;
				ENABLE_STRICT_OBJC_MSGSEND = YES;
				ENABLE_TESTABILITY = YES;
				GCC_C_LANGUAGE_STANDARD = gnu99;
				GCC_DYNAMIC_NO_PIC = NO;
				GCC_NO_COMMON_BLOCKS = YES;
				GCC_OPTIMIZATION_LEVEL = 0;
				GCC_PREPROCESSOR_DEFINITIONS = (
					"DEBUG=1",
					"$(inherited)",
				);
				GCC_WARN_64_TO_32_BIT_CONVERSION = YES;
				GCC_WARN_ABOUT_RETURN_TYPE = YES_ERROR;
				GCC_WARN_UNDECLARED_SELECTOR = YES;
				GCC_WARN_UNINITIALIZED_AUTOS = YES_AGGRESSIVE;
				GCC_WARN_UNUSED_FUNCTION = YES;
				GCC_WARN_UNUSED_VARIABLE = YES;
				IPHONEOS_DEPLOYMENT_TARGET = 10.2;
				MTL_ENABLE_DEBUG_INFO = YES;
				ONLY_ACTIVE_ARCH = YES;
				SDKROOT = iphoneos;
				SWIFT_ACTIVE_COMPILATION_CONDITIONS = DEBUG;
				SWIFT_OPTIMIZATION_LEVEL = "-Onone";
				TARGETED_DEVICE_FAMILY = "1,2";
			};
			name = Debug;
		};
		A54DC2A91E48F0A8009CFCE7 /* Release */ = {
			isa = XCBuildConfiguration;
			buildSettings = {
				ALWAYS_SEARCH_USER_PATHS = NO;
				CLANG_ANALYZER_NONNULL = YES;
				CLANG_CXX_LANGUAGE_STANDARD = "gnu++0x";
				CLANG_CXX_LIBRARY = "libc++";
				CLANG_ENABLE_MODULES = YES;
				CLANG_ENABLE_OBJC_ARC = YES;
				CLANG_WARN_BOOL_CONVERSION = YES;
				CLANG_WARN_CONSTANT_CONVERSION = YES;
				CLANG_WARN_DIRECT_OBJC_ISA_USAGE = YES_ERROR;
				CLANG_WARN_DOCUMENTATION_COMMENTS = YES;
				CLANG_WARN_EMPTY_BODY = YES;
				CLANG_WARN_ENUM_CONVERSION = YES;
				CLANG_WARN_INFINITE_RECURSION = YES;
				CLANG_WARN_INT_CONVERSION = YES;
				CLANG_WARN_OBJC_ROOT_CLASS = YES_ERROR;
				CLANG_WARN_SUSPICIOUS_MOVE = YES;
				CLANG_WARN_UNREACHABLE_CODE = YES;
				CLANG_WARN__DUPLICATE_METHOD_MATCH = YES;
				"CODE_SIGN_IDENTITY[sdk=iphoneos*]" = "iPhone Developer";
				COPY_PHASE_STRIP = NO;
				DEBUG_INFORMATION_FORMAT = "dwarf-with-dsym";
				ENABLE_NS_ASSERTIONS = NO;
				ENABLE_STRICT_OBJC_MSGSEND = YES;
				GCC_C_LANGUAGE_STANDARD = gnu99;
				GCC_NO_COMMON_BLOCKS = YES;
				GCC_WARN_64_TO_32_BIT_CONVERSION = YES;
				GCC_WARN_ABOUT_RETURN_TYPE = YES_ERROR;
				GCC_WARN_UNDECLARED_SELECTOR = YES;
				GCC_WARN_UNINITIALIZED_AUTOS = YES_AGGRESSIVE;
				GCC_WARN_UNUSED_FUNCTION = YES;
				GCC_WARN_UNUSED_VARIABLE = YES;
				IPHONEOS_DEPLOYMENT_TARGET = 10.2;
				MTL_ENABLE_DEBUG_INFO = NO;
				SDKROOT = iphoneos;
				SWIFT_OPTIMIZATION_LEVEL = "-Owholemodule";
				TARGETED_DEVICE_FAMILY = "1,2";
				VALIDATE_PRODUCT = YES;
			};
			name = Release;
		};
		A54DC2AB1E48F0A8009CFCE7 /* Debug */ = {
			isa = XCBuildConfiguration;
			buildSettings = {
				ASSETCATALOG_COMPILER_APPICON_NAME = AppIcon;
				INFOPLIST_FILE = "CoreySalzer-Lab2/Info.plist";
				LD_RUNPATH_SEARCH_PATHS = "$(inherited) @executable_path/Frameworks";
				PRODUCT_BUNDLE_IDENTIFIER = "com.CSE438.CoreySalzer-Lab2";
				PRODUCT_NAME = "$(TARGET_NAME)";
				SWIFT_VERSION = 3.0;
			};
			name = Debug;
		};
		A54DC2AC1E48F0A8009CFCE7 /* Release */ = {
			isa = XCBuildConfiguration;
			buildSettings = {
				ASSETCATALOG_COMPILER_APPICON_NAME = AppIcon;
				INFOPLIST_FILE = "CoreySalzer-Lab2/Info.plist";
				LD_RUNPATH_SEARCH_PATHS = "$(inherited) @executable_path/Frameworks";
				PRODUCT_BUNDLE_IDENTIFIER = "com.CSE438.CoreySalzer-Lab2";
				PRODUCT_NAME = "$(TARGET_NAME)";
				SWIFT_VERSION = 3.0;
			};
			name = Release;
		};
/* End XCBuildConfiguration section */

/* Begin XCConfigurationList section */
		A54DC2931E48F0A8009CFCE7 /* Build configuration list for PBXProject "CoreySalzer-Lab2" */ = {
			isa = XCConfigurationList;
			buildConfigurations = (
				A54DC2A81E48F0A8009CFCE7 /* Debug */,
				A54DC2A91E48F0A8009CFCE7 /* Release */,
			);
			defaultConfigurationIsVisible = 0;
			defaultConfigurationName = Release;
		};
		A54DC2AA1E48F0A8009CFCE7 /* Build configuration list for PBXNativeTarget "CoreySalzer-Lab2" */ = {
			isa = XCConfigurationList;
			buildConfigurations = (
				A54DC2AB1E48F0A8009CFCE7 /* Debug */,
				A54DC2AC1E48F0A8009CFCE7 /* Release */,
			);
			defaultConfigurationIsVisible = 0;
		};
/* End XCConfigurationList section */
	};
	rootObject = A54DC2901E48F0A8009CFCE7 /* Project object */;
}
